
Microsoft Visual Studio Solution File, Format Version 12.00
# Visual Studio Version 17
VisualStudioVersion = 17.4.33110.190
MinimumVisualStudioVersion = 10.0.40219.1
Project("{FAE04EC0-301F-11D3-BF4B-00C04F79EFBC}") = "LanchesMac", "LanchesMac\LanchesMac.csproj", "{53E4356F-C244-47A1-A9E3-D29FD7C7C85C}"
EndProject
Global
	GlobalSection(SolutionConfigurationPlatforms) = preSolution
		Debug|Any CPU = Debug|Any CPU
		Release|Any CPU = Release|Any CPU
	EndGlobalSection
	GlobalSection(ProjectConfigurationPlatforms) = postSolution
		{53E4356F-C244-47A1-A9E3-D29FD7C7C85C}.Debug|Any CPU.ActiveCfg = Debug|Any CPU
		{53E4356F-C244-47A1-A9E3-D29FD7C7C85C}.Debug|Any CPU.Build.0 = Debug|Any CPU
		{53E4356F-C244-47A1-A9E3-D29FD7C7C85C}.Release|Any CPU.ActiveCfg = Release|Any CPU
		{53E4356F-C244-47A1-A9E3-D29FD7C7C85C}.Release|Any CPU.Build.0 = Release|Any CPU
	EndGlobalSection
	GlobalSection(SolutionProperties) = preSolution
		HideSolutionNode = FALSE
	EndGlobalSection
	GlobalSection(ExtensibilityGlobals) = postSolution
		SolutionGuid = {8FCD61E4-A9DA-4ED9-A7F5-72212B81B3F2}
	EndGlobalSection
EndGlobal
